
Microsoft Visual Studio Solution File, Format Version 11.00
# Visual Studio 2010
Project("{8BC9CEB8-8B4A-11D0-8D11-00A0C91BC942}") = "Login", "Login.vcxproj", "{18AC5040-0866-46B3-B2F3-04FC2DBF402E}"
EndProject
Global
	GlobalSection(SolutionConfigurationPlatforms) = preSolution
		Debug|Win32 = Debug|Win32
		Release|Win32 = Release|Win32
	EndGlobalSection
	GlobalSection(ProjectConfigurationPlatforms) = postSolution
		{18AC5040-0866-46B3-B2F3-04FC2DBF402E}.Debug|Win32.ActiveCfg = Debug|Win32
		{18AC5040-0866-46B3-B2F3-04FC2DBF402E}.Debug|Win32.Build.0 = Debug|Win32
		{18AC5040-0866-46B3-B2F3-04FC2DBF402E}.Release|Win32.ActiveCfg = Release|Win32
		{18AC5040-0866-46B3-B2F3-04FC2DBF402E}.Release|Win32.Build.0 = Release|Win32
	EndGlobalSection
	GlobalSection(SolutionProperties) = preSolution
		HideSolutionNode = FALSE
	EndGlobalSection
EndGlobal
